
Microsoft Visual Studio Solution File, Format Version 12.00
# Visual Studio Version 16
VisualStudioVersion = 16.0.30804.86
MinimumVisualStudioVersion = 10.0.40219.1
Project("{FAE04EC0-301F-11D3-BF4B-00C04F79EFBC}") = "FlutterwaveChallenge", "FlutterwaveChallenge\FlutterwaveChallenge.csproj", "{155A8346-555D-48C7-84F0-CBBC04D12740}"
EndProject
Global
	GlobalSection(SolutionConfigurationPlatforms) = preSolution
		Debug|Any CPU = Debug|Any CPU
		Release|Any CPU = Release|Any CPU
	EndGlobalSection
	GlobalSection(ProjectConfigurationPlatforms) = postSolution
		{155A8346-555D-48C7-84F0-CBBC04D12740}.Debug|Any CPU.ActiveCfg = Debug|Any CPU
		{155A8346-555D-48C7-84F0-CBBC04D12740}.Debug|Any CPU.Build.0 = Debug|Any CPU
		{155A8346-555D-48C7-84F0-CBBC04D12740}.Release|Any CPU.ActiveCfg = Release|Any CPU
		{155A8346-555D-48C7-84F0-CBBC04D12740}.Release|Any CPU.Build.0 = Release|Any CPU
	EndGlobalSection
	GlobalSection(SolutionProperties) = preSolution
		HideSolutionNode = FALSE
	EndGlobalSection
	GlobalSection(ExtensibilityGlobals) = postSolution
		SolutionGuid = {77C8ABEC-3A98-4B6A-869A-D04197A4038C}
	EndGlobalSection
EndGlobal
